
Microsoft Visual Studio Solution File, Format Version 12.00
# Visual Studio Version 17
VisualStudioVersion = 17.7.34031.279
MinimumVisualStudioVersion = 10.0.40219.1
Project("{FAE04EC0-301F-11D3-BF4B-00C04F79EFBC}") = "Asterix", "Asterix\Asterix.csproj", "{E64E8976-C651-43E9-A430-0382193B8DA6}"
EndProject
Global
	GlobalSection(SolutionConfigurationPlatforms) = preSolution
		Debug|Any CPU = Debug|Any CPU
		Release|Any CPU = Release|Any CPU
	EndGlobalSection
	GlobalSection(ProjectConfigurationPlatforms) = postSolution
		{E64E8976-C651-43E9-A430-0382193B8DA6}.Debug|Any CPU.ActiveCfg = Debug|Any CPU
		{E64E8976-C651-43E9-A430-0382193B8DA6}.Debug|Any CPU.Build.0 = Debug|Any CPU
		{E64E8976-C651-43E9-A430-0382193B8DA6}.Release|Any CPU.ActiveCfg = Release|Any CPU
		{E64E8976-C651-43E9-A430-0382193B8DA6}.Release|Any CPU.Build.0 = Release|Any CPU
	EndGlobalSection
	GlobalSection(SolutionProperties) = preSolution
		HideSolutionNode = FALSE
	EndGlobalSection
	GlobalSection(ExtensibilityGlobals) = postSolution
		SolutionGuid = {D9D940B8-8454-460A-97FA-DC1820D5B58A}
	EndGlobalSection
EndGlobal
